
Microsoft Visual Studio Solution File, Format Version 12.00
# Visual Studio Version 18
VisualStudioVersion = 18.0.11018.127 d18.0
MinimumVisualStudioVersion = 10.0.40219.1
Project("{FAE04EC0-301F-11D3-BF4B-00C04F79EFBC}") = "Gbm", "Gbm\Gbm.csproj", "{55EC7DB1-5EA8-E394-B4A2-ED8364F0E107}"
EndProject
Project("{FAE04EC0-301F-11D3-BF4B-00C04F79EFBC}") = "Gbm.Unit.Tests", "Gbm.Unit.Tests\Gbm.Unit.Tests.csproj", "{D18C8DDE-1CF5-4F5A-A5C5-4F8273749BB9}"
EndProject
Global
	GlobalSection(SolutionConfigurationPlatforms) = preSolution
		Debug|Any CPU = Debug|Any CPU
		Release|Any CPU = Release|Any CPU
	EndGlobalSection
	GlobalSection(ProjectConfigurationPlatforms) = postSolution
		{55EC7DB1-5EA8-E394-B4A2-ED8364F0E107}.Debug|Any CPU.ActiveCfg = Debug|Any CPU
		{55EC7DB1-5EA8-E394-B4A2-ED8364F0E107}.Debug|Any CPU.Build.0 = Debug|Any CPU
		{55EC7DB1-5EA8-E394-B4A2-ED8364F0E107}.Release|Any CPU.ActiveCfg = Release|Any CPU
		{55EC7DB1-5EA8-E394-B4A2-ED8364F0E107}.Release|Any CPU.Build.0 = Release|Any CPU
		{D18C8DDE-1CF5-4F5A-A5C5-4F8273749BB9}.Debug|Any CPU.ActiveCfg = Debug|Any CPU
		{D18C8DDE-1CF5-4F5A-A5C5-4F8273749BB9}.Debug|Any CPU.Build.0 = Debug|Any CPU
		{D18C8DDE-1CF5-4F5A-A5C5-4F8273749BB9}.Release|Any CPU.ActiveCfg = Release|Any CPU
		{D18C8DDE-1CF5-4F5A-A5C5-4F8273749BB9}.Release|Any CPU.Build.0 = Release|Any CPU
	EndGlobalSection
	GlobalSection(SolutionProperties) = preSolution
		HideSolutionNode = FALSE
	EndGlobalSection
	GlobalSection(ExtensibilityGlobals) = postSolution
		SolutionGuid = {D74D090F-B538-4B47-8F97-2783A45328E7}
	EndGlobalSection
EndGlobal
